// !$*UTF8*$!
{
	archiveVersion = 1;
	classes = {
	};
	objectVersion = 46;
	objects = {

/* Begin PBXBuildFile section */
		C60EE1701D994CDE0013E789 /* TabletemView.swift in Sources */ = {isa = PBXBuildFile; fileRef = C60EE16F1D994CDE0013E789 /* TabletemView.swift */; };
		C60EE1761D9A22240013E789 /* sfxList.plist in Resources */ = {isa = PBXBuildFile; fileRef = C60EE1751D9A22240013E789 /* sfxList.plist */; };
		C60EE1781D9A56400013E789 /* SoundEffectTableViewCell.swift in Sources */ = {isa = PBXBuildFile; fileRef = C60EE1771D9A56400013E789 /* SoundEffectTableViewCell.swift */; };
		C60EE17A1D9A6E8B0013E789 /* defaultSoundList.plist in Resources */ = {isa = PBXBuildFile; fileRef = C60EE1791D9A6E8B0013E789 /* defaultSoundList.plist */; };
		C60FE94B1D955736008B8760 /* TableViewController.swift in Sources */ = {isa = PBXBuildFile; fileRef = C60FE94A1D955736008B8760 /* TableViewController.swift */; };
		C60FE94D1D955822008B8760 /* TabBarViewController.swift in Sources */ = {isa = PBXBuildFile; fileRef = C60FE94C1D955822008B8760 /* TabBarViewController.swift */; };
		C613B1F91D9283DD006D1E92 /* bak.MicroViewController.swift in Sources */ = {isa = PBXBuildFile; fileRef = C613B1F81D9283DD006D1E92 /* bak.MicroViewController.swift */; };
		C616E8A21DBE067C00E54802 /* ScoreboardViewController.swift in Sources */ = {isa = PBXBuildFile; fileRef = C616E8A11DBE067C00E54802 /* ScoreboardViewController.swift */; };
		C61C84B71DCC753700D354AD /* ConnectControllViewContrller.swift in Sources */ = {isa = PBXBuildFile; fileRef = C61C84B61DCC753700D354AD /* ConnectControllViewContrller.swift */; };
		C627BD1E1D9BD3AF002213BD /* VolumeView.swift in Sources */ = {isa = PBXBuildFile; fileRef = C627BD1D1D9BD3AF002213BD /* VolumeView.swift */; };
		C62A939E1DD9A5700071C390 /* BonusCountView.swift in Sources */ = {isa = PBXBuildFile; fileRef = C62A939D1DD9A5700071C390 /* BonusCountView.swift */; };
		C62A93A21DD9A9370071C390 /* BonusCountView.xib in Resources */ = {isa = PBXBuildFile; fileRef = C62A93A11DD9A9370071C390 /* BonusCountView.xib */; };
		C62DB1511D88F872000A9C1B /* ExternalAccessory.framework in Frameworks */ = {isa = PBXBuildFile; fileRef = C62DB1501D88F872000A9C1B /* ExternalAccessory.framework */; };
		C62DB1551D8907C0000A9C1B /* MenuViewController.swift in Sources */ = {isa = PBXBuildFile; fileRef = C62DB1541D8907C0000A9C1B /* MenuViewController.swift */; };
		C62DB1571D892219000A9C1B /* MusicViewController.swift in Sources */ = {isa = PBXBuildFile; fileRef = C62DB1561D892219000A9C1B /* MusicViewController.swift */; };
		C6345EEE1DD02237007EF5D2 /* ModeCheckUtils.swift in Sources */ = {isa = PBXBuildFile; fileRef = C6345EED1DD02237007EF5D2 /* ModeCheckUtils.swift */; };
		C6345EF01DD0854B007EF5D2 /* ConnectedDeviceHeaderView.xib in Resources */ = {isa = PBXBuildFile; fileRef = C6345EEF1DD0854B007EF5D2 /* ConnectedDeviceHeaderView.xib */; };
		C6345EF21DD08777007EF5D2 /* ConnectedDeviceHeaderView.swift in Sources */ = {isa = PBXBuildFile; fileRef = C6345EF11DD08777007EF5D2 /* ConnectedDeviceHeaderView.swift */; };
		C6424A001D91125C00A15214 /* ScoreboardData.swift in Sources */ = {isa = PBXBuildFile; fileRef = C64249FF1D91125C00A15214 /* ScoreboardData.swift */; };
		C64903451DCCCD8A00F8F9B5 /* BlackModeTableViewCell.swift in Sources */ = {isa = PBXBuildFile; fileRef = C64903441DCCCD8A00F8F9B5 /* BlackModeTableViewCell.swift */; };
		C64903471DCCCDC400F8F9B5 /* LedBrightnessTableViewCell.swift in Sources */ = {isa = PBXBuildFile; fileRef = C64903461DCCCDC400F8F9B5 /* LedBrightnessTableViewCell.swift */; };
		C662C1591D8FDC1200844105 /* GCDAsyncSocket.m in Sources */ = {isa = PBXBuildFile; fileRef = C662C1561D8FDC1200844105 /* GCDAsyncSocket.m */; };
		C662C15A1D8FDC1200844105 /* GCDAsyncUdpSocket.m in Sources */ = {isa = PBXBuildFile; fileRef = C662C1581D8FDC1200844105 /* GCDAsyncUdpSocket.m */; };
		C662C15F1D900A1E00844105 /* TcpData.swift in Sources */ = {isa = PBXBuildFile; fileRef = C662C15E1D900A1E00844105 /* TcpData.swift */; };
		C662C1611D900D7900844105 /* CommandCodes.swift in Sources */ = {isa = PBXBuildFile; fileRef = C662C1601D900D7900844105 /* CommandCodes.swift */; };
		C662C1631D90245A00844105 /* TcpConnection.swift in Sources */ = {isa = PBXBuildFile; fileRef = C662C1621D90245A00844105 /* TcpConnection.swift */; };
		C67CB35E1DBF8CC900D1977E /* ScoreboardViewHorizontal.xib in Resources */ = {isa = PBXBuildFile; fileRef = C67CB35C1DBF8CC900D1977E /* ScoreboardViewHorizontal.xib */; };
		C67CB35F1DBF8CC900D1977E /* ScoreboardViewVertical.xib in Resources */ = {isa = PBXBuildFile; fileRef = C67CB35D1DBF8CC900D1977E /* ScoreboardViewVertical.xib */; };
		C67CB3611DBF8D1300D1977E /* ScoreboardView.swift in Sources */ = {isa = PBXBuildFile; fileRef = C67CB3601DBF8D1300D1977E /* ScoreboardView.swift */; };
		C67E6F041DD41A8F00D2DD14 /* StartViewController.swift in Sources */ = {isa = PBXBuildFile; fileRef = C67E6F031DD41A8F00D2DD14 /* StartViewController.swift */; };
		C68AF3AE1DCC7DA6009D2EDE /* WifiNameTableViewCell.swift in Sources */ = {isa = PBXBuildFile; fileRef = C68AF3AD1DCC7DA6009D2EDE /* WifiNameTableViewCell.swift */; };
		C68AF3B01DCC7DE3009D2EDE /* PermissionTableViewCell.swift in Sources */ = {isa = PBXBuildFile; fileRef = C68AF3AF1DCC7DE3009D2EDE /* PermissionTableViewCell.swift */; };
		C68AF3B21DCCAEF7009D2EDE /* MyAccountViewController.swift in Sources */ = {isa = PBXBuildFile; fileRef = C68AF3B11DCCAEF7009D2EDE /* MyAccountViewController.swift */; };
		C68AF3B41DCCAF6E009D2EDE /* SettingsViewController.swift in Sources */ = {isa = PBXBuildFile; fileRef = C68AF3B31DCCAF6D009D2EDE /* SettingsViewController.swift */; };
		C68EF0851DB645B00030B1B4 /* SignUpViewController.swift in Sources */ = {isa = PBXBuildFile; fileRef = C68EF0841DB645B00030B1B4 /* SignUpViewController.swift */; };
		C68EF0871DB646330030B1B4 /* SignInViewController.swift in Sources */ = {isa = PBXBuildFile; fileRef = C68EF0861DB646330030B1B4 /* SignInViewController.swift */; };
		C68EF0891DB66CF80030B1B4 /* PersonalInfoViewController.swift in Sources */ = {isa = PBXBuildFile; fileRef = C68EF0881DB66CF80030B1B4 /* PersonalInfoViewController.swift */; };
		C697B3F21D9D6298005153A7 /* AlterDialogView.swift in Sources */ = {isa = PBXBuildFile; fileRef = C697B3F11D9D6298005153A7 /* AlterDialogView.swift */; };
		C697B3F41D9D62DC005153A7 /* DialogView.xib in Resources */ = {isa = PBXBuildFile; fileRef = C697B3F31D9D62DC005153A7 /* DialogView.xib */; };
		C69B27D01DB9074500DEE743 /* GoogleSignIn.framework in Frameworks */ = {isa = PBXBuildFile; fileRef = C69B27CF1DB9074500DEE743 /* GoogleSignIn.framework */; };
		C69B27D41DB9079600DEE743 /* GoogleSignIn.bundle in Resources */ = {isa = PBXBuildFile; fileRef = C69B27D31DB9079600DEE743 /* GoogleSignIn.bundle */; };
		C69B27D61DB907C500DEE743 /* AddressBook.framework in Frameworks */ = {isa = PBXBuildFile; fileRef = C69B27D51DB907C500DEE743 /* AddressBook.framework */; };
		C69B27D81DB907CD00DEE743 /* SafariServices.framework in Frameworks */ = {isa = PBXBuildFile; fileRef = C69B27D71DB907CD00DEE743 /* SafariServices.framework */; };
		C69B27D91DB907D900DEE743 /* SystemConfiguration.framework in Frameworks */ = {isa = PBXBuildFile; fileRef = C6544DD91DAF3E40000E4C4D /* SystemConfiguration.framework */; };
		C69EAC3E1DA8CF86008CA325 /* SelectEffectTableViewCell.swift in Sources */ = {isa = PBXBuildFile; fileRef = C69EAC3D1DA8CF86008CA325 /* SelectEffectTableViewCell.swift */; };
		C69EAC401DA920B4008CA325 /* SelectSoundEffectViewController.swift in Sources */ = {isa = PBXBuildFile; fileRef = C69EAC3F1DA920B4008CA325 /* SelectSoundEffectViewController.swift */; };
		C6AC4E541DBDB90500F6551A /* PickerView.xib in Resources */ = {isa = PBXBuildFile; fileRef = C6AC4E531DBDB90500F6551A /* PickerView.xib */; };
		C6AC4E561DBDB95F00F6551A /* PickerView.swift in Sources */ = {isa = PBXBuildFile; fileRef = C6AC4E551DBDB95F00F6551A /* PickerView.swift */; };
		C6BDB0FA1DABE26B00C890B8 /* RecordSoundEffectViewController.swift in Sources */ = {isa = PBXBuildFile; fileRef = C6BDB0F91DABE26B00C890B8 /* RecordSoundEffectViewController.swift */; };
		C6CDFA311DC9E3A400AFD6B7 /* AudioUnitTestViewController.swift in Sources */ = {isa = PBXBuildFile; fileRef = C6CDFA301DC9E3A400AFD6B7 /* AudioUnitTestViewController.swift */; };
		C6D33A991D9515B500CFF3CC /* SFX in Resources */ = {isa = PBXBuildFile; fileRef = C6D33A981D9515B500CFF3CC /* SFX */; };
		C6D361AF1DDAE9BE000E12C7 /* WifiUtils.swift in Sources */ = {isa = PBXBuildFile; fileRef = C6D361AE1DDAE9BE000E12C7 /* WifiUtils.swift */; };
		C6D3E0621DB9C551001A8B59 /* CoreData.framework in Frameworks */ = {isa = PBXBuildFile; fileRef = C6D3E0611DB9C551001A8B59 /* CoreData.framework */; };
		C6D3FC5F1D9D752900F20B06 /* timePickerList.plist in Resources */ = {isa = PBXBuildFile; fileRef = C6D3FC5E1D9D752900F20B06 /* timePickerList.plist */; };
		C6D49EC11D87E6E900FB5E3A /* AppDelegate.swift in Sources */ = {isa = PBXBuildFile; fileRef = C6D49EC01D87E6E900FB5E3A /* AppDelegate.swift */; };
		C6D49EC51D87E6E900FB5E3A /* SFXViewController.swift in Sources */ = {isa = PBXBuildFile; fileRef = C6D49EC41D87E6E900FB5E3A /* SFXViewController.swift */; };
		C6D49EC81D87E6E900FB5E3A /* Main.storyboard in Resources */ = {isa = PBXBuildFile; fileRef = C6D49EC61D87E6E900FB5E3A /* Main.storyboard */; };
		C6D49ECA1D87E6E900FB5E3A /* Assets.xcassets in Resources */ = {isa = PBXBuildFile; fileRef = C6D49EC91D87E6E900FB5E3A /* Assets.xcassets */; };
		C6D49ECD1D87E6E900FB5E3A /* LaunchScreen.storyboard in Resources */ = {isa = PBXBuildFile; fileRef = C6D49ECB1D87E6E900FB5E3A /* LaunchScreen.storyboard */; };
		C6D49ED81D87E6E900FB5E3A /* GameTimerTests.swift in Sources */ = {isa = PBXBuildFile; fileRef = C6D49ED71D87E6E900FB5E3A /* GameTimerTests.swift */; };
		C6DAEC911DB9BE9200BE248E /* GoogleAppUtilities.framework in Frameworks */ = {isa = PBXBuildFile; fileRef = C6DAEC8C1DB9BE9200BE248E /* GoogleAppUtilities.framework */; };
		C6DAEC921DB9BE9200BE248E /* GoogleAuthUtilities.framework in Frameworks */ = {isa = PBXBuildFile; fileRef = C6DAEC8D1DB9BE9200BE248E /* GoogleAuthUtilities.framework */; };
		C6DAEC931DB9BE9200BE248E /* GoogleNetworkingUtilities.framework in Frameworks */ = {isa = PBXBuildFile; fileRef = C6DAEC8E1DB9BE9200BE248E /* GoogleNetworkingUtilities.framework */; };
		C6DAEC941DB9BE9200BE248E /* GoogleSymbolUtilities.framework in Frameworks */ = {isa = PBXBuildFile; fileRef = C6DAEC8F1DB9BE9200BE248E /* GoogleSymbolUtilities.framework */; };
		C6DAEC951DB9BE9200BE248E /* GoogleUtilities.framework in Frameworks */ = {isa = PBXBuildFile; fileRef = C6DAEC901DB9BE9200BE248E /* GoogleUtilities.framework */; };
		C6E095981DD17E02005FC0D9 /* ConnectedDevicePermissionCell.xib in Resources */ = {isa = PBXBuildFile; fileRef = C6E095971DD17E02005FC0D9 /* ConnectedDevicePermissionCell.xib */; };
		C6E62FBA1DB864C700C377B6 /* Bolts.framework in Frameworks */ = {isa = PBXBuildFile; fileRef = C6E62FB71DB864C700C377B6 /* Bolts.framework */; };
		C6E62FBB1DB864C700C377B6 /* FBSDKCoreKit.framework in Frameworks */ = {isa = PBXBuildFile; fileRef = C6E62FB81DB864C700C377B6 /* FBSDKCoreKit.framework */; };
		C6E62FBC1DB864C700C377B6 /* FBSDKLoginKit.framework in Frameworks */ = {isa = PBXBuildFile; fileRef = C6E62FB91DB864C700C377B6 /* FBSDKLoginKit.framework */; };
		C6E62FBE1DB8FA5C00C377B6 /* GoogleService-Info.plist in Resources */ = {isa = PBXBuildFile; fileRef = C6E62FBD1DB8FA5C00C377B6 /* GoogleService-Info.plist */; };
/* End PBXBuildFile section */

/* Begin PBXContainerItemProxy section */
		C6D49ED41D87E6E900FB5E3A /* PBXContainerItemProxy */ = {
			isa = PBXContainerItemProxy;
			containerPortal = C6D49EB51D87E6E900FB5E3A /* Project object */;
			proxyType = 1;
			remoteGlobalIDString = C6D49EBC1D87E6E900FB5E3A;
			remoteInfo = GameTimer;
		};
/* End PBXContainerItemProxy section */

/* Begin PBXFileReference section */
		C60EE16F1D994CDE0013E789 /* TabletemView.swift */ = {isa = PBXFileReference; fileEncoding = 4; lastKnownFileType = sourcecode.swift; path = TabletemView.swift; sourceTree = "<group>"; };
		C60EE1751D9A22240013E789 /* sfxList.plist */ = {isa = PBXFileReference; fileEncoding = 4; lastKnownFileType = text.plist.xml; path = sfxList.plist; sourceTree = "<group>"; };
		C60EE1771D9A56400013E789 /* SoundEffectTableViewCell.swift */ = {isa = PBXFileReference; fileEncoding = 4; lastKnownFileType = sourcecode.swift; path = SoundEffectTableViewCell.swift; sourceTree = "<group>"; };
		C60EE1791D9A6E8B0013E789 /* defaultSoundList.plist */ = {isa = PBXFileReference; fileEncoding = 4; lastKnownFileType = text.plist.xml; path = defaultSoundList.plist; sourceTree = "<group>"; };
		C60FE94A1D955736008B8760 /* TableViewController.swift */ = {isa = PBXFileReference; fileEncoding = 4; lastKnownFileType = sourcecode.swift; path = TableViewController.swift; sourceTree = "<group>"; };
		C60FE94C1D955822008B8760 /* TabBarViewController.swift */ = {isa = PBXFileReference; fileEncoding = 4; lastKnownFileType = sourcecode.swift; path = TabBarViewController.swift; sourceTree = "<group>"; };
		C613B1F81D9283DD006D1E92 /* bak.MicroViewController.swift */ = {isa = PBXFileReference; fileEncoding = 4; lastKnownFileType = sourcecode.swift; path = bak.MicroViewController.swift; sourceTree = "<group>"; };
		C616E8A11DBE067C00E54802 /* ScoreboardViewController.swift */ = {isa = PBXFileReference; fileEncoding = 4; lastKnownFileType = sourcecode.swift; path = ScoreboardViewController.swift; sourceTree = "<group>"; };
		C61C84B61DCC753700D354AD /* ConnectControllViewContrller.swift */ = {isa = PBXFileReference; fileEncoding = 4; lastKnownFileType = sourcecode.swift; path = ConnectControllViewContrller.swift; sourceTree = "<group>"; };
		C627BD1D1D9BD3AF002213BD /* VolumeView.swift */ = {isa = PBXFileReference; fileEncoding = 4; lastKnownFileType = sourcecode.swift; path = VolumeView.swift; sourceTree = "<group>"; };
		C62A939D1DD9A5700071C390 /* BonusCountView.swift */ = {isa = PBXFileReference; fileEncoding = 4; lastKnownFileType = sourcecode.swift; path = BonusCountView.swift; sourceTree = "<group>"; };
		C62A93A11DD9A9370071C390 /* BonusCountView.xib */ = {isa = PBXFileReference; fileEncoding = 4; lastKnownFileType = file.xib; path = BonusCountView.xib; sourceTree = "<group>"; };
		C62DB1501D88F872000A9C1B /* ExternalAccessory.framework */ = {isa = PBXFileReference; lastKnownFileType = wrapper.framework; name = ExternalAccessory.framework; path = System/Library/Frameworks/ExternalAccessory.framework; sourceTree = SDKROOT; };
		C62DB1521D88F872000A9C1B /* GameTimer.entitlements */ = {isa = PBXFileReference; lastKnownFileType = text.plist.entitlements; path = GameTimer.entitlements; sourceTree = "<group>"; };
		C62DB1541D8907C0000A9C1B /* MenuViewController.swift */ = {isa = PBXFileReference; fileEncoding = 4; lastKnownFileType = sourcecode.swift; path = MenuViewController.swift; sourceTree = "<group>"; };
		C62DB1561D892219000A9C1B /* MusicViewController.swift */ = {isa = PBXFileReference; fileEncoding = 4; lastKnownFileType = sourcecode.swift; path = MusicViewController.swift; sourceTree = "<group>"; };
		C6345EED1DD02237007EF5D2 /* ModeCheckUtils.swift */ = {isa = PBXFileReference; fileEncoding = 4; lastKnownFileType = sourcecode.swift; path = ModeCheckUtils.swift; sourceTree = "<group>"; };
		C6345EEF1DD0854B007EF5D2 /* ConnectedDeviceHeaderView.xib */ = {isa = PBXFileReference; fileEncoding = 4; lastKnownFileType = file.xib; path = ConnectedDeviceHeaderView.xib; sourceTree = "<group>"; };
		C6345EF11DD08777007EF5D2 /* ConnectedDeviceHeaderView.swift */ = {isa = PBXFileReference; fileEncoding = 4; lastKnownFileType = sourcecode.swift; path = ConnectedDeviceHeaderView.swift; sourceTree = "<group>"; };
		C64249FF1D91125C00A15214 /* ScoreboardData.swift */ = {isa = PBXFileReference; fileEncoding = 4; lastKnownFileType = sourcecode.swift; path = ScoreboardData.swift; sourceTree = "<group>"; };
		C64903441DCCCD8A00F8F9B5 /* BlackModeTableViewCell.swift */ = {isa = PBXFileReference; fileEncoding = 4; lastKnownFileType = sourcecode.swift; path = BlackModeTableViewCell.swift; sourceTree = "<group>"; };
		C64903461DCCCDC400F8F9B5 /* LedBrightnessTableViewCell.swift */ = {isa = PBXFileReference; fileEncoding = 4; lastKnownFileType = sourcecode.swift; path = LedBrightnessTableViewCell.swift; sourceTree = "<group>"; };
		C6544DD91DAF3E40000E4C4D /* SystemConfiguration.framework */ = {isa = PBXFileReference; lastKnownFileType = wrapper.framework; name = SystemConfiguration.framework; path = System/Library/Frameworks/SystemConfiguration.framework; sourceTree = SDKROOT; };
		C662C1551D8FDC1200844105 /* GCDAsyncSocket.h */ = {isa = PBXFileReference; fileEncoding = 4; lastKnownFileType = sourcecode.c.h; name = GCDAsyncSocket.h; path = ../../../../git/CocoaAsyncSocket/Source/GCD/GCDAsyncSocket.h; sourceTree = "<group>"; };
		C662C1561D8FDC1200844105 /* GCDAsyncSocket.m */ = {isa = PBXFileReference; fileEncoding = 4; lastKnownFileType = sourcecode.c.objc; name = GCDAsyncSocket.m; path = ../../../../git/CocoaAsyncSocket/Source/GCD/GCDAsyncSocket.m; sourceTree = "<group>"; };
		C662C1571D8FDC1200844105 /* GCDAsyncUdpSocket.h */ = {isa = PBXFileReference; fileEncoding = 4; lastKnownFileType = sourcecode.c.h; name = GCDAsyncUdpSocket.h; path = ../../../../git/CocoaAsyncSocket/Source/GCD/GCDAsyncUdpSocket.h; sourceTree = "<group>"; };
		C662C1581D8FDC1200844105 /* GCDAsyncUdpSocket.m */ = {isa = PBXFileReference; fileEncoding = 4; lastKnownFileType = sourcecode.c.objc; name = GCDAsyncUdpSocket.m; path = ../../../../git/CocoaAsyncSocket/Source/GCD/GCDAsyncUdpSocket.m; sourceTree = "<group>"; };
		C662C15C1D8FDC8600844105 /* GameTimer-Bridging-Header.h */ = {isa = PBXFileReference; lastKnownFileType = sourcecode.c.h; path = "GameTimer-Bridging-Header.h"; sourceTree = "<group>"; };
		C662C15E1D900A1E00844105 /* TcpData.swift */ = {isa = PBXFileReference; fileEncoding = 4; lastKnownFileType = sourcecode.swift; path = TcpData.swift; sourceTree = "<group>"; };
		C662C1601D900D7900844105 /* CommandCodes.swift */ = {isa = PBXFileReference; fileEncoding = 4; lastKnownFileType = sourcecode.swift; path = CommandCodes.swift; sourceTree = "<group>"; };
		C662C1621D90245A00844105 /* TcpConnection.swift */ = {isa = PBXFileReference; fileEncoding = 4; lastKnownFileType = sourcecode.swift; path = TcpConnection.swift; sourceTree = "<group>"; };
		C67CB35C1DBF8CC900D1977E /* ScoreboardViewHorizontal.xib */ = {isa = PBXFileReference; fileEncoding = 4; lastKnownFileType = file.xib; name = ScoreboardViewHorizontal.xib; path = ../AutoLayoutTest/AutoLayoutTest/ScoreboardViewHorizontal.xib; sourceTree = "<group>"; };
		C67CB35D1DBF8CC900D1977E /* ScoreboardViewVertical.xib */ = {isa = PBXFileReference; fileEncoding = 4; lastKnownFileType = file.xib; name = ScoreboardViewVertical.xib; path = ../AutoLayoutTest/AutoLayoutTest/ScoreboardViewVertical.xib; sourceTree = "<group>"; };
		C67CB3601DBF8D1300D1977E /* ScoreboardView.swift */ = {isa = PBXFileReference; fileEncoding = 4; lastKnownFileType = sourcecode.swift; path = ScoreboardView.swift; sourceTree = "<group>"; };
		C67E6F031DD41A8F00D2DD14 /* StartViewController.swift */ = {isa = PBXFileReference; fileEncoding = 4; lastKnownFileType = sourcecode.swift; path = StartViewController.swift; sourceTree = "<group>"; };
		C68AF3AD1DCC7DA6009D2EDE /* WifiNameTableViewCell.swift */ = {isa = PBXFileReference; fileEncoding = 4; lastKnownFileType = sourcecode.swift; path = WifiNameTableViewCell.swift; sourceTree = "<group>"; };
		C68AF3AF1DCC7DE3009D2EDE /* PermissionTableViewCell.swift */ = {isa = PBXFileReference; fileEncoding = 4; lastKnownFileType = sourcecode.swift; path = PermissionTableViewCell.swift; sourceTree = "<group>"; };
		C68AF3B11DCCAEF7009D2EDE /* MyAccountViewController.swift */ = {isa = PBXFileReference; fileEncoding = 4; lastKnownFileType = sourcecode.swift; name = MyAccountViewController.swift; path = GameTimer/MyAccountViewController.swift; sourceTree = "<group>"; };
		C68AF3B31DCCAF6D009D2EDE /* SettingsViewController.swift */ = {isa = PBXFileReference; fileEncoding = 4; lastKnownFileType = sourcecode.swift; path = SettingsViewController.swift; sourceTree = "<group>"; };
		C68EF0841DB645B00030B1B4 /* SignUpViewController.swift */ = {isa = PBXFileReference; fileEncoding = 4; lastKnownFileType = sourcecode.swift; path = SignUpViewController.swift; sourceTree = "<group>"; };
		C68EF0861DB646330030B1B4 /* SignInViewController.swift */ = {isa = PBXFileReference; fileEncoding = 4; lastKnownFileType = sourcecode.swift; path = SignInViewController.swift; sourceTree = "<group>"; };
		C68EF0881DB66CF80030B1B4 /* PersonalInfoViewController.swift */ = {isa = PBXFileReference; fileEncoding = 4; lastKnownFileType = sourcecode.swift; path = PersonalInfoViewController.swift; sourceTree = "<group>"; };
		C697B3F11D9D6298005153A7 /* AlterDialogView.swift */ = {isa = PBXFileReference; fileEncoding = 4; lastKnownFileType = sourcecode.swift; path = AlterDialogView.swift; sourceTree = "<group>"; };
		C697B3F31D9D62DC005153A7 /* DialogView.xib */ = {isa = PBXFileReference; fileEncoding = 4; lastKnownFileType = file.xib; name = DialogView.xib; path = GameTimer/DialogView.xib; sourceTree = "<group>"; };
		C69B27CF1DB9074500DEE743 /* GoogleSignIn.framework */ = {isa = PBXFileReference; lastKnownFileType = wrapper.framework; path = GoogleSignIn.framework; sourceTree = "<group>"; };
		C69B27D31DB9079600DEE743 /* GoogleSignIn.bundle */ = {isa = PBXFileReference; lastKnownFileType = "wrapper.plug-in"; path = GoogleSignIn.bundle; sourceTree = "<group>"; };
		C69B27D51DB907C500DEE743 /* AddressBook.framework */ = {isa = PBXFileReference; lastKnownFileType = wrapper.framework; name = AddressBook.framework; path = System/Library/Frameworks/AddressBook.framework; sourceTree = SDKROOT; };
		C69B27D71DB907CD00DEE743 /* SafariServices.framework */ = {isa = PBXFileReference; lastKnownFileType = wrapper.framework; name = SafariServices.framework; path = System/Library/Frameworks/SafariServices.framework; sourceTree = SDKROOT; };
		C69EAC3D1DA8CF86008CA325 /* SelectEffectTableViewCell.swift */ = {isa = PBXFileReference; fileEncoding = 4; lastKnownFileType = sourcecode.swift; path = SelectEffectTableViewCell.swift; sourceTree = "<group>"; };
		C69EAC3F1DA920B4008CA325 /* SelectSoundEffectViewController.swift */ = {isa = PBXFileReference; fileEncoding = 4; lastKnownFileType = sourcecode.swift; path = SelectSoundEffectViewController.swift; sourceTree = "<group>"; };
		C6AC4E531DBDB90500F6551A /* PickerView.xib */ = {isa = PBXFileReference; fileEncoding = 4; lastKnownFileType = file.xib; name = PickerView.xib; path = GameTimer/PickerView.xib; sourceTree = "<group>"; };
		C6AC4E551DBDB95F00F6551A /* PickerView.swift */ = {isa = PBXFileReference; fileEncoding = 4; lastKnownFileType = sourcecode.swift; path = PickerView.swift; sourceTree = "<group>"; };
		C6BDB0F91DABE26B00C890B8 /* RecordSoundEffectViewController.swift */ = {isa = PBXFileReference; fileEncoding = 4; lastKnownFileType = sourcecode.swift; path = RecordSoundEffectViewController.swift; sourceTree = "<group>"; };
		C6CDFA301DC9E3A400AFD6B7 /* AudioUnitTestViewController.swift */ = {isa = PBXFileReference; fileEncoding = 4; lastKnownFileType = sourcecode.swift; path = AudioUnitTestViewController.swift; sourceTree = "<group>"; };
		C6D33A981D9515B500CFF3CC /* SFX */ = {isa = PBXFileReference; lastKnownFileType = folder; name = SFX; path = ../../../../Downloads/SFX; sourceTree = "<group>"; };
		C6D361AE1DDAE9BE000E12C7 /* WifiUtils.swift */ = {isa = PBXFileReference; fileEncoding = 4; lastKnownFileType = sourcecode.swift; path = WifiUtils.swift; sourceTree = "<group>"; };
		C6D3E0611DB9C551001A8B59 /* CoreData.framework */ = {isa = PBXFileReference; lastKnownFileType = wrapper.framework; name = CoreData.framework; path = System/Library/Frameworks/CoreData.framework; sourceTree = SDKROOT; };
		C6D3FC5E1D9D752900F20B06 /* timePickerList.plist */ = {isa = PBXFileReference; fileEncoding = 4; lastKnownFileType = text.plist.xml; path = timePickerList.plist; sourceTree = "<group>"; };
		C6D49EBD1D87E6E900FB5E3A /* GameTimer.app */ = {isa = PBXFileReference; explicitFileType = wrapper.application; includeInIndex = 0; path = GameTimer.app; sourceTree = BUILT_PRODUCTS_DIR; };
		C6D49EC01D87E6E900FB5E3A /* AppDelegate.swift */ = {isa = PBXFileReference; lastKnownFileType = sourcecode.swift; path = AppDelegate.swift; sourceTree = "<group>"; };
		C6D49EC41D87E6E900FB5E3A /* SFXViewController.swift */ = {isa = PBXFileReference; lastKnownFileType = sourcecode.swift; name = SFXViewController.swift; path = GameTimer/SFXViewController.swift; sourceTree = "<group>"; };
		C6D49EC71D87E6E900FB5E3A /* Base */ = {isa = PBXFileReference; lastKnownFileType = file.storyboard; name = Base; path = Base.lproj/Main.storyboard; sourceTree = "<group>"; };
		C6D49EC91D87E6E900FB5E3A /* Assets.xcassets */ = {isa = PBXFileReference; lastKnownFileType = folder.assetcatalog; path = Assets.xcassets; sourceTree = "<group>"; };
		C6D49ECC1D87E6E900FB5E3A /* Base */ = {isa = PBXFileReference; lastKnownFileType = file.storyboard; name = Base; path = Base.lproj/LaunchScreen.storyboard; sourceTree = "<group>"; };
		C6D49ECE1D87E6E900FB5E3A /* Info.plist */ = {isa = PBXFileReference; lastKnownFileType = text.plist.xml; path = Info.plist; sourceTree = "<group>"; };
		C6D49ED31D87E6E900FB5E3A /* GameTimerTests.xctest */ = {isa = PBXFileReference; explicitFileType = wrapper.cfbundle; includeInIndex = 0; path = GameTimerTests.xctest; sourceTree = BUILT_PRODUCTS_DIR; };
		C6D49ED71D87E6E900FB5E3A /* GameTimerTests.swift */ = {isa = PBXFileReference; lastKnownFileType = sourcecode.swift; path = GameTimerTests.swift; sourceTree = "<group>"; };
		C6D49ED91D87E6E900FB5E3A /* Info.plist */ = {isa = PBXFileReference; lastKnownFileType = text.plist.xml; path = Info.plist; sourceTree = "<group>"; };
		C6DAEC8C1DB9BE9200BE248E /* GoogleAppUtilities.framework */ = {isa = PBXFileReference; lastKnownFileType = wrapper.framework; path = GoogleAppUtilities.framework; sourceTree = "<group>"; };
		C6DAEC8D1DB9BE9200BE248E /* GoogleAuthUtilities.framework */ = {isa = PBXFileReference; lastKnownFileType = wrapper.framework; path = GoogleAuthUtilities.framework; sourceTree = "<group>"; };
		C6DAEC8E1DB9BE9200BE248E /* GoogleNetworkingUtilities.framework */ = {isa = PBXFileReference; lastKnownFileType = wrapper.framework; path = GoogleNetworkingUtilities.framework; sourceTree = "<group>"; };
		C6DAEC8F1DB9BE9200BE248E /* GoogleSymbolUtilities.framework */ = {isa = PBXFileReference; lastKnownFileType = wrapper.framework; path = GoogleSymbolUtilities.framework; sourceTree = "<group>"; };
		C6DAEC901DB9BE9200BE248E /* GoogleUtilities.framework */ = {isa = PBXFileReference; lastKnownFileType = wrapper.framework; path = GoogleUtilities.framework; sourceTree = "<group>"; };
		C6E095971DD17E02005FC0D9 /* ConnectedDevicePermissionCell.xib */ = {isa = PBXFileReference; fileEncoding = 4; lastKnownFileType = file.xib; path = ConnectedDevicePermissionCell.xib; sourceTree = "<group>"; };
		C6E62FB71DB864C700C377B6 /* Bolts.framework */ = {isa = PBXFileReference; lastKnownFileType = wrapper.framework; path = Bolts.framework; sourceTree = "<group>"; };
		C6E62FB81DB864C700C377B6 /* FBSDKCoreKit.framework */ = {isa = PBXFileReference; lastKnownFileType = wrapper.framework; path = FBSDKCoreKit.framework; sourceTree = "<group>"; };
		C6E62FB91DB864C700C377B6 /* FBSDKLoginKit.framework */ = {isa = PBXFileReference; lastKnownFileType = wrapper.framework; path = FBSDKLoginKit.framework; sourceTree = "<group>"; };
		C6E62FBD1DB8FA5C00C377B6 /* GoogleService-Info.plist */ = {isa = PBXFileReference; fileEncoding = 4; lastKnownFileType = text.plist.xml; path = "GoogleService-Info.plist"; sourceTree = "<group>"; };
/* End PBXFileReference section */

/* Begin PBXFrameworksBuildPhase section */
		C6D49EBA1D87E6E900FB5E3A /* Frameworks */ = {
			isa = PBXFrameworksBuildPhase;
			buildActionMask = 2147483647;
			files = (
				C6D3E0621DB9C551001A8B59 /* CoreData.framework in Frameworks */,
				C69B27D91DB907D900DEE743 /* SystemConfiguration.framework in Frameworks */,
				C69B27D81DB907CD00DEE743 /* SafariServices.framework in Frameworks */,
				C6DAEC931DB9BE9200BE248E /* GoogleNetworkingUtilities.framework in Frameworks */,
				C69B27D61DB907C500DEE743 /* AddressBook.framework in Frameworks */,
				C62DB1511D88F872000A9C1B /* ExternalAccessory.framework in Frameworks */,
				C6DAEC921DB9BE9200BE248E /* GoogleAuthUtilities.framework in Frameworks */,
				C6DAEC941DB9BE9200BE248E /* GoogleSymbolUtilities.framework in Frameworks */,
				C6E62FBB1DB864C700C377B6 /* FBSDKCoreKit.framework in Frameworks */,
				C6E62FBC1DB864C700C377B6 /* FBSDKLoginKit.framework in Frameworks */,
				C6DAEC911DB9BE9200BE248E /* GoogleAppUtilities.framework in Frameworks */,
				C6E62FBA1DB864C700C377B6 /* Bolts.framework in Frameworks */,
				C6DAEC951DB9BE9200BE248E /* GoogleUtilities.framework in Frameworks */,
				C69B27D01DB9074500DEE743 /* GoogleSignIn.framework in Frameworks */,
			);
			runOnlyForDeploymentPostprocessing = 0;
		};
		C6D49ED01D87E6E900FB5E3A /* Frameworks */ = {
			isa = PBXFrameworksBuildPhase;
			buildActionMask = 2147483647;
			files = (
			);
			runOnlyForDeploymentPostprocessing = 0;
		};
/* End PBXFrameworksBuildPhase section */

/* Begin PBXGroup section */
		C60EE16E1D994C9F0013E789 /* CustomView */ = {
			isa = PBXGroup;
			children = (
				C60EE16F1D994CDE0013E789 /* TabletemView.swift */,
				C627BD1D1D9BD3AF002213BD /* VolumeView.swift */,
				C697B3F11D9D6298005153A7 /* AlterDialogView.swift */,
				C6AC4E551DBDB95F00F6551A /* PickerView.swift */,
				C67CB3601DBF8D1300D1977E /* ScoreboardView.swift */,
				C60EE1771D9A56400013E789 /* SoundEffectTableViewCell.swift */,
				C69EAC3D1DA8CF86008CA325 /* SelectEffectTableViewCell.swift */,
				C68AF3AD1DCC7DA6009D2EDE /* WifiNameTableViewCell.swift */,
				C68AF3AF1DCC7DE3009D2EDE /* PermissionTableViewCell.swift */,
				C64903441DCCCD8A00F8F9B5 /* BlackModeTableViewCell.swift */,
				C64903461DCCCDC400F8F9B5 /* LedBrightnessTableViewCell.swift */,
				C6345EF11DD08777007EF5D2 /* ConnectedDeviceHeaderView.swift */,
				C62A939D1DD9A5700071C390 /* BonusCountView.swift */,
			);
			name = CustomView;
			sourceTree = "<group>";
		};
		C62DB14F1D88F872000A9C1B /* Frameworks */ = {
			isa = PBXGroup;
			children = (
				C6D3E0611DB9C551001A8B59 /* CoreData.framework */,
				C69B27D71DB907CD00DEE743 /* SafariServices.framework */,
				C6DAEC8C1DB9BE9200BE248E /* GoogleAppUtilities.framework */,
				C6DAEC8D1DB9BE9200BE248E /* GoogleAuthUtilities.framework */,
				C6DAEC8E1DB9BE9200BE248E /* GoogleNetworkingUtilities.framework */,
				C6DAEC8F1DB9BE9200BE248E /* GoogleSymbolUtilities.framework */,
				C6DAEC901DB9BE9200BE248E /* GoogleUtilities.framework */,
				C69B27D51DB907C500DEE743 /* AddressBook.framework */,
				C69B27CF1DB9074500DEE743 /* GoogleSignIn.framework */,
				C6E62FB71DB864C700C377B6 /* Bolts.framework */,
				C6E62FB81DB864C700C377B6 /* FBSDKCoreKit.framework */,
				C6E62FB91DB864C700C377B6 /* FBSDKLoginKit.framework */,
				C6544DD91DAF3E40000E4C4D /* SystemConfiguration.framework */,
				C62DB1501D88F872000A9C1B /* ExternalAccessory.framework */,
			);
			name = Frameworks;
			sourceTree = "<group>";
		};
		C62DB1531D88FF25000A9C1B /* UIController */ = {
			isa = PBXGroup;
			children = (
				C616E8A11DBE067C00E54802 /* ScoreboardViewController.swift */,
				C6D49EC41D87E6E900FB5E3A /* SFXViewController.swift */,
				C62DB1541D8907C0000A9C1B /* MenuViewController.swift */,
				C68AF3B31DCCAF6D009D2EDE /* SettingsViewController.swift */,
				C61C84B61DCC753700D354AD /* ConnectControllViewContrller.swift */,
				C62DB1561D892219000A9C1B /* MusicViewController.swift */,
				C613B1F81D9283DD006D1E92 /* bak.MicroViewController.swift */,
				C60FE94A1D955736008B8760 /* TableViewController.swift */,
				C60FE94C1D955822008B8760 /* TabBarViewController.swift */,
				C69EAC3F1DA920B4008CA325 /* SelectSoundEffectViewController.swift */,
				C6BDB0F91DABE26B00C890B8 /* RecordSoundEffectViewController.swift */,
				C68EF0841DB645B00030B1B4 /* SignUpViewController.swift */,
				C68AF3B11DCCAEF7009D2EDE /* MyAccountViewController.swift */,
				C68EF0861DB646330030B1B4 /* SignInViewController.swift */,
				C68EF0881DB66CF80030B1B4 /* PersonalInfoViewController.swift */,
				C6CDFA301DC9E3A400AFD6B7 /* AudioUnitTestViewController.swift */,
				C67E6F031DD41A8F00D2DD14 /* StartViewController.swift */,
			);
			name = UIController;
			sourceTree = "<group>";
		};
		C6345EEB1DD02027007EF5D2 /* Xibs */ = {
			isa = PBXGroup;
			children = (
				C6345EEF1DD0854B007EF5D2 /* ConnectedDeviceHeaderView.xib */,
				C67CB35C1DBF8CC900D1977E /* ScoreboardViewHorizontal.xib */,
				C67CB35D1DBF8CC900D1977E /* ScoreboardViewVertical.xib */,
				C697B3F31D9D62DC005153A7 /* DialogView.xib */,
				C6AC4E531DBDB90500F6551A /* PickerView.xib */,
				C6E095971DD17E02005FC0D9 /* ConnectedDevicePermissionCell.xib */,
				C62A93A11DD9A9370071C390 /* BonusCountView.xib */,
			);
			name = Xibs;
			sourceTree = "<group>";
		};
		C6345EEC1DD021BD007EF5D2 /* Utils */ = {
			isa = PBXGroup;
			children = (
				C6345EED1DD02237007EF5D2 /* ModeCheckUtils.swift */,
				C6D361AE1DDAE9BE000E12C7 /* WifiUtils.swift */,
			);
			name = Utils;
			sourceTree = "<group>";
		};
		C662C15B1D8FDC6600844105 /* BridgeHeader */ = {
			isa = PBXGroup;
			children = (
				C662C15C1D8FDC8600844105 /* GameTimer-Bridging-Header.h */,
			);
			name = BridgeHeader;
			sourceTree = "<group>";
		};
		C662C15D1D9009C400844105 /* Connection */ = {
			isa = PBXGroup;
			children = (
				C662C15E1D900A1E00844105 /* TcpData.swift */,
				C662C1601D900D7900844105 /* CommandCodes.swift */,
				C662C1621D90245A00844105 /* TcpConnection.swift */,
				C64249FF1D91125C00A15214 /* ScoreboardData.swift */,
			);
			name = Connection;
			sourceTree = "<group>";
		};
		C698C0931D8FD61600E1C83A /* GCDAsyncSocket */ = {
			isa = PBXGroup;
			children = (
				C662C1551D8FDC1200844105 /* GCDAsyncSocket.h */,
				C662C1561D8FDC1200844105 /* GCDAsyncSocket.m */,
				C662C1571D8FDC1200844105 /* GCDAsyncUdpSocket.h */,
				C662C1581D8FDC1200844105 /* GCDAsyncUdpSocket.m */,
			);
			name = GCDAsyncSocket;
			sourceTree = "<group>";
		};
		C6D49EB41D87E6E900FB5E3A = {
			isa = PBXGroup;
			children = (
				C6345EEC1DD021BD007EF5D2 /* Utils */,
				C69B27D31DB9079600DEE743 /* GoogleSignIn.bundle */,
				C60EE16E1D994C9F0013E789 /* CustomView */,
				C6D33A981D9515B500CFF3CC /* SFX */,
				C662C15D1D9009C400844105 /* Connection */,
				C662C15B1D8FDC6600844105 /* BridgeHeader */,
				C698C0931D8FD61600E1C83A /* GCDAsyncSocket */,
				C6345EEB1DD02027007EF5D2 /* Xibs */,
				C62DB1531D88FF25000A9C1B /* UIController */,
				C6D49EBF1D87E6E900FB5E3A /* GameTimer */,
				C6D49ED61D87E6E900FB5E3A /* GameTimerTests */,
				C6D49EBE1D87E6E900FB5E3A /* Products */,
				C62DB14F1D88F872000A9C1B /* Frameworks */,
			);
			sourceTree = "<group>";
		};
		C6D49EBE1D87E6E900FB5E3A /* Products */ = {
			isa = PBXGroup;
			children = (
				C6D49EBD1D87E6E900FB5E3A /* GameTimer.app */,
				C6D49ED31D87E6E900FB5E3A /* GameTimerTests.xctest */,
			);
			name = Products;
			sourceTree = "<group>";
		};
		C6D49EBF1D87E6E900FB5E3A /* GameTimer */ = {
			isa = PBXGroup;
			children = (
				C62DB1521D88F872000A9C1B /* GameTimer.entitlements */,
				C6D49EC01D87E6E900FB5E3A /* AppDelegate.swift */,
				C6D49EC61D87E6E900FB5E3A /* Main.storyboard */,
				C6D49EC91D87E6E900FB5E3A /* Assets.xcassets */,
				C6D49ECB1D87E6E900FB5E3A /* LaunchScreen.storyboard */,
				C6E62FBD1DB8FA5C00C377B6 /* GoogleService-Info.plist */,
				C6D49ECE1D87E6E900FB5E3A /* Info.plist */,
				C60EE1751D9A22240013E789 /* sfxList.plist */,
				C60EE1791D9A6E8B0013E789 /* defaultSoundList.plist */,
				C6D3FC5E1D9D752900F20B06 /* timePickerList.plist */,
			);
			path = GameTimer;
			sourceTree = "<group>";
		};
		C6D49ED61D87E6E900FB5E3A /* GameTimerTests */ = {
			isa = PBXGroup;
			children = (
				C6D49ED71D87E6E900FB5E3A /* GameTimerTests.swift */,
				C6D49ED91D87E6E900FB5E3A /* Info.plist */,
			);
			path = GameTimerTests;
			sourceTree = "<group>";
		};
/* End PBXGroup section */

/* Begin PBXNativeTarget section */
		C6D49EBC1D87E6E900FB5E3A /* GameTimer */ = {
			isa = PBXNativeTarget;
			buildConfigurationList = C6D49EDC1D87E6E900FB5E3A /* Build configuration list for PBXNativeTarget "GameTimer" */;
			buildPhases = (
				C6D49EB91D87E6E900FB5E3A /* Sources */,
				C6D49EBA1D87E6E900FB5E3A /* Frameworks */,
				C6D49EBB1D87E6E900FB5E3A /* Resources */,
			);
			buildRules = (
			);
			dependencies = (
			);
			name = GameTimer;
			productName = GameTimer;
			productReference = C6D49EBD1D87E6E900FB5E3A /* GameTimer.app */;
			productType = "com.apple.product-type.application";
		};
		C6D49ED21D87E6E900FB5E3A /* GameTimerTests */ = {
			isa = PBXNativeTarget;
			buildConfigurationList = C6D49EDF1D87E6E900FB5E3A /* Build configuration list for PBXNativeTarget "GameTimerTests" */;
			buildPhases = (
				C6D49ECF1D87E6E900FB5E3A /* Sources */,
				C6D49ED01D87E6E900FB5E3A /* Frameworks */,
				C6D49ED11D87E6E900FB5E3A /* Resources */,
			);
			buildRules = (
			);
			dependencies = (
				C6D49ED51D87E6E900FB5E3A /* PBXTargetDependency */,
			);
			name = GameTimerTests;
			productName = GameTimerTests;
			productReference = C6D49ED31D87E6E900FB5E3A /* GameTimerTests.xctest */;
			productType = "com.apple.product-type.bundle.unit-test";
		};
/* End PBXNativeTarget section */

/* Begin PBXProject section */
		C6D49EB51D87E6E900FB5E3A /* Project object */ = {
			isa = PBXProject;
			attributes = {
				LastSwiftUpdateCheck = 0800;
				LastUpgradeCheck = 0800;
				ORGANIZATIONNAME = Sctek;
				TargetAttributes = {
					C6D49EBC1D87E6E900FB5E3A = {
						CreatedOnToolsVersion = 8.0;
						DevelopmentTeam = UXUF8Y5Q66;
						LastSwiftMigration = 0800;
						ProvisioningStyle = Automatic;
						SystemCapabilities = {
							com.apple.WAC = {
								enabled = 1;
							};
						};
					};
					C6D49ED21D87E6E900FB5E3A = {
						CreatedOnToolsVersion = 8.0;
						ProvisioningStyle = Automatic;
						TestTargetID = C6D49EBC1D87E6E900FB5E3A;
					};
				};
			};
			buildConfigurationList = C6D49EB81D87E6E900FB5E3A /* Build configuration list for PBXProject "GameTimer" */;
			compatibilityVersion = "Xcode 3.2";
			developmentRegion = English;
			hasScannedForEncodings = 0;
			knownRegions = (
				en,
				Base,
			);
			mainGroup = C6D49EB41D87E6E900FB5E3A;
			productRefGroup = C6D49EBE1D87E6E900FB5E3A /* Products */;
			projectDirPath = "";
			projectRoot = "";
			targets = (
				C6D49EBC1D87E6E900FB5E3A /* GameTimer */,
				C6D49ED21D87E6E900FB5E3A /* GameTimerTests */,
			);
		};
/* End PBXProject section */

/* Begin PBXResourcesBuildPhase section */
		C6D49EBB1D87E6E900FB5E3A /* Resources */ = {
			isa = PBXResourcesBuildPhase;
			buildActionMask = 2147483647;
			files = (
				C6345EF01DD0854B007EF5D2 /* ConnectedDeviceHeaderView.xib in Resources */,
				C60EE1761D9A22240013E789 /* sfxList.plist in Resources */,
				C6AC4E541DBDB90500F6551A /* PickerView.xib in Resources */,
				C6D33A991D9515B500CFF3CC /* SFX in Resources */,
				C67CB35F1DBF8CC900D1977E /* ScoreboardViewVertical.xib in Resources */,
				C6E62FBE1DB8FA5C00C377B6 /* GoogleService-Info.plist in Resources */,
				C697B3F41D9D62DC005153A7 /* DialogView.xib in Resources */,
				C60EE17A1D9A6E8B0013E789 /* defaultSoundList.plist in Resources */,
				C67CB35E1DBF8CC900D1977E /* ScoreboardViewHorizontal.xib in Resources */,
				C6E095981DD17E02005FC0D9 /* ConnectedDevicePermissionCell.xib in Resources */,
				C6D49ECD1D87E6E900FB5E3A /* LaunchScreen.storyboard in Resources */,
				C69B27D41DB9079600DEE743 /* GoogleSignIn.bundle in Resources */,
				C6D49ECA1D87E6E900FB5E3A /* Assets.xcassets in Resources */,
				C6D49EC81D87E6E900FB5E3A /* Main.storyboard in Resources */,
				C62A93A21DD9A9370071C390 /* BonusCountView.xib in Resources */,
				C6D3FC5F1D9D752900F20B06 /* timePickerList.plist in Resources */,
			);
			runOnlyForDeploymentPostprocessing = 0;
		};
		C6D49ED11D87E6E900FB5E3A /* Resources */ = {
			isa = PBXResourcesBuildPhase;
			buildActionMask = 2147483647;
			files = (
			);
			runOnlyForDeploymentPostprocessing = 0;
		};
/* End PBXResourcesBuildPhase section */

/* Begin PBXSourcesBuildPhase section */
		C6D49EB91D87E6E900FB5E3A /* Sources */ = {
			isa = PBXSourcesBuildPhase;
			buildActionMask = 2147483647;
			files = (
				C68AF3AE1DCC7DA6009D2EDE /* WifiNameTableViewCell.swift in Sources */,
				C6424A001D91125C00A15214 /* ScoreboardData.swift in Sources */,
				C60EE1781D9A56400013E789 /* SoundEffectTableViewCell.swift in Sources */,
				C627BD1E1D9BD3AF002213BD /* VolumeView.swift in Sources */,
				C68EF0891DB66CF80030B1B4 /* PersonalInfoViewController.swift in Sources */,
				C662C1591D8FDC1200844105 /* GCDAsyncSocket.m in Sources */,
				C662C1611D900D7900844105 /* CommandCodes.swift in Sources */,
				C6CDFA311DC9E3A400AFD6B7 /* AudioUnitTestViewController.swift in Sources */,
				C697B3F21D9D6298005153A7 /* AlterDialogView.swift in Sources */,
				C6345EF21DD08777007EF5D2 /* ConnectedDeviceHeaderView.swift in Sources */,
				C60FE94D1D955822008B8760 /* TabBarViewController.swift in Sources */,
				C64903471DCCCDC400F8F9B5 /* LedBrightnessTableViewCell.swift in Sources */,
				C662C15F1D900A1E00844105 /* TcpData.swift in Sources */,
				C6D49EC51D87E6E900FB5E3A /* SFXViewController.swift in Sources */,
				C62DB1571D892219000A9C1B /* MusicViewController.swift in Sources */,
				C6D49EC11D87E6E900FB5E3A /* AppDelegate.swift in Sources */,
				C662C15A1D8FDC1200844105 /* GCDAsyncUdpSocket.m in Sources */,
				C60EE1701D994CDE0013E789 /* TabletemView.swift in Sources */,
				C68EF0871DB646330030B1B4 /* SignInViewController.swift in Sources */,
				C6345EEE1DD02237007EF5D2 /* ModeCheckUtils.swift in Sources */,
				C69EAC3E1DA8CF86008CA325 /* SelectEffectTableViewCell.swift in Sources */,
				C68AF3B01DCC7DE3009D2EDE /* PermissionTableViewCell.swift in Sources */,
				C67CB3611DBF8D1300D1977E /* ScoreboardView.swift in Sources */,
				C68AF3B41DCCAF6E009D2EDE /* SettingsViewController.swift in Sources */,
				C64903451DCCCD8A00F8F9B5 /* BlackModeTableViewCell.swift in Sources */,
				C6D361AF1DDAE9BE000E12C7 /* WifiUtils.swift in Sources */,
				C60FE94B1D955736008B8760 /* TableViewController.swift in Sources */,
				C68AF3B21DCCAEF7009D2EDE /* MyAccountViewController.swift in Sources */,
				C69EAC401DA920B4008CA325 /* SelectSoundEffectViewController.swift in Sources */,
				C6BDB0FA1DABE26B00C890B8 /* RecordSoundEffectViewController.swift in Sources */,
				C61C84B71DCC753700D354AD /* ConnectControllViewContrller.swift in Sources */,
				C613B1F91D9283DD006D1E92 /* bak.MicroViewController.swift in Sources */,
				C62DB1551D8907C0000A9C1B /* MenuViewController.swift in Sources */,
				C67E6F041DD41A8F00D2DD14 /* StartViewController.swift in Sources */,
				C68EF0851DB645B00030B1B4 /* SignUpViewController.swift in Sources */,
				C62A939E1DD9A5700071C390 /* BonusCountView.swift in Sources */,
				C662C1631D90245A00844105 /* TcpConnection.swift in Sources */,
				C6AC4E561DBDB95F00F6551A /* PickerView.swift in Sources */,
				C616E8A21DBE067C00E54802 /* ScoreboardViewController.swift in Sources */,
			);
			runOnlyForDeploymentPostprocessing = 0;
		};
		C6D49ECF1D87E6E900FB5E3A /* Sources */ = {
			isa = PBXSourcesBuildPhase;
			buildActionMask = 2147483647;
			files = (
				C6D49ED81D87E6E900FB5E3A /* GameTimerTests.swift in Sources */,
			);
			runOnlyForDeploymentPostprocessing = 0;
		};
/* End PBXSourcesBuildPhase section */

/* Begin PBXTargetDependency section */
		C6D49ED51D87E6E900FB5E3A /* PBXTargetDependency */ = {
			isa = PBXTargetDependency;
			target = C6D49EBC1D87E6E900FB5E3A /* GameTimer */;
			targetProxy = C6D49ED41D87E6E900FB5E3A /* PBXContainerItemProxy */;
		};
/* End PBXTargetDependency section */

/* Begin PBXVariantGroup section */
		C6D49EC61D87E6E900FB5E3A /* Main.storyboard */ = {
			isa = PBXVariantGroup;
			children = (
				C6D49EC71D87E6E900FB5E3A /* Base */,
			);
			name = Main.storyboard;
			sourceTree = "<group>";
		};
		C6D49ECB1D87E6E900FB5E3A /* LaunchScreen.storyboard */ = {
			isa = PBXVariantGroup;
			children = (
				C6D49ECC1D87E6E900FB5E3A /* Base */,
			);
			name = LaunchScreen.storyboard;
			sourceTree = "<group>";
		};
/* End PBXVariantGroup section */

/* Begin XCBuildConfiguration section */
		C6D49EDA1D87E6E900FB5E3A /* Debug */ = {
			isa = XCBuildConfiguration;
			buildSettings = {
				ALWAYS_SEARCH_USER_PATHS = NO;
				CLANG_ANALYZER_NONNULL = YES;
				CLANG_CXX_LANGUAGE_STANDARD = "gnu++0x";
				CLANG_CXX_LIBRARY = "libc++";
				CLANG_ENABLE_MODULES = YES;
				CLANG_ENABLE_OBJC_ARC = YES;
				CLANG_WARN_BOOL_CONVERSION = YES;
				CLANG_WARN_CONSTANT_CONVERSION = YES;
				CLANG_WARN_DIRECT_OBJC_ISA_USAGE = YES_ERROR;
				CLANG_WARN_DOCUMENTATION_COMMENTS = YES;
				CLANG_WARN_EMPTY_BODY = YES;
				CLANG_WARN_ENUM_CONVERSION = YES;
				CLANG_WARN_INFINITE_RECURSION = YES;
				CLANG_WARN_INT_CONVERSION = YES;
				CLANG_WARN_OBJC_ROOT_CLASS = YES_ERROR;
				CLANG_WARN_SUSPICIOUS_MOVES = YES;
				CLANG_WARN_UNREACHABLE_CODE = YES;
				CLANG_WARN__DUPLICATE_METHOD_MATCH = YES;
				"CODE_SIGN_IDENTITY[sdk=iphoneos*]" = "iPhone Developer";
				COPY_PHASE_STRIP = NO;
				DEBUG_INFORMATION_FORMAT = dwarf;
				ENABLE_STRICT_OBJC_MSGSEND = YES;
				ENABLE_TESTABILITY = YES;
				GCC_C_LANGUAGE_STANDARD = gnu99;
				GCC_DYNAMIC_NO_PIC = NO;
				GCC_NO_COMMON_BLOCKS = YES;
				GCC_OPTIMIZATION_LEVEL = 0;
				GCC_PREPROCESSOR_DEFINITIONS = (
					"DEBUG=1",
					"$(inherited)",
				);
				GCC_WARN_64_TO_32_BIT_CONVERSION = YES;
				GCC_WARN_ABOUT_RETURN_TYPE = YES_ERROR;
				GCC_WARN_UNDECLARED_SELECTOR = YES;
				GCC_WARN_UNINITIALIZED_AUTOS = YES_AGGRESSIVE;
				GCC_WARN_UNUSED_FUNCTION = YES;
				GCC_WARN_UNUSED_VARIABLE = YES;
				IPHONEOS_DEPLOYMENT_TARGET = 10.0;
				MTL_ENABLE_DEBUG_INFO = YES;
				ONLY_ACTIVE_ARCH = YES;
				SDKROOT = iphoneos;
				SWIFT_ACTIVE_COMPILATION_CONDITIONS = DEBUG;
				SWIFT_OPTIMIZATION_LEVEL = "-Onone";
				TARGETED_DEVICE_FAMILY = "1,2";
			};
			name = Debug;
		};
		C6D49EDB1D87E6E900FB5E3A /* Release */ = {
			isa = XCBuildConfiguration;
			buildSettings = {
				ALWAYS_SEARCH_USER_PATHS = NO;
				CLANG_ANALYZER_NONNULL = YES;
				CLANG_CXX_LANGUAGE_STANDARD = "gnu++0x";
				CLANG_CXX_LIBRARY = "libc++";
				CLANG_ENABLE_MODULES = YES;
				CLANG_ENABLE_OBJC_ARC = YES;
				CLANG_WARN_BOOL_CONVERSION = YES;
				CLANG_WARN_CONSTANT_CONVERSION = YES;
				CLANG_WARN_DIRECT_OBJC_ISA_USAGE = YES_ERROR;
				CLANG_WARN_DOCUMENTATION_COMMENTS = YES;
				CLANG_WARN_EMPTY_BODY = YES;
				CLANG_WARN_ENUM_CONVERSION = YES;
				CLANG_WARN_INFINITE_RECURSION = YES;
				CLANG_WARN_INT_CONVERSION = YES;
				CLANG_WARN_OBJC_ROOT_CLASS = YES_ERROR;
				CLANG_WARN_SUSPICIOUS_MOVES = YES;
				CLANG_WARN_UNREACHABLE_CODE = YES;
				CLANG_WARN__DUPLICATE_METHOD_MATCH = YES;
				CODE_SIGN_IDENTITY = "iPhone Developer";
				"CODE_SIGN_IDENTITY[sdk=iphoneos*]" = "iPhone Developer";
				COPY_PHASE_STRIP = NO;
				DEBUG_INFORMATION_FORMAT = "dwarf-with-dsym";
				ENABLE_NS_ASSERTIONS = NO;
				ENABLE_STRICT_OBJC_MSGSEND = YES;
				GCC_C_LANGUAGE_STANDARD = gnu99;
				GCC_NO_COMMON_BLOCKS = YES;
				GCC_WARN_64_TO_32_BIT_CONVERSION = YES;
				GCC_WARN_ABOUT_RETURN_TYPE = YES_ERROR;
				GCC_WARN_UNDECLARED_SELECTOR = YES;
				GCC_WARN_UNINITIALIZED_AUTOS = YES_AGGRESSIVE;
				GCC_WARN_UNUSED_FUNCTION = YES;
				GCC_WARN_UNUSED_VARIABLE = YES;
				IPHONEOS_DEPLOYMENT_TARGET = 10.0;
				MTL_ENABLE_DEBUG_INFO = NO;
				SDKROOT = iphoneos;
				SWIFT_OPTIMIZATION_LEVEL = "-Owholemodule";
				TARGETED_DEVICE_FAMILY = "1,2";
				VALIDATE_PRODUCT = YES;
			};
			name = Release;
		};
		C6D49EDD1D87E6E900FB5E3A /* Debug */ = {
			isa = XCBuildConfiguration;
			buildSettings = {
				ASSETCATALOG_COMPILER_APPICON_NAME = AppIcon;
				CLANG_ENABLE_MODULES = YES;
				CODE_SIGN_ENTITLEMENTS = GameTimer/GameTimer.entitlements;
				CODE_SIGN_IDENTITY = "iPhone Developer";
				"CODE_SIGN_IDENTITY[sdk=iphoneos*]" = "iPhone Developer";
				DEVELOPMENT_TEAM = UXUF8Y5Q66;
				ENABLE_BITCODE = YES;
				FRAMEWORK_SEARCH_PATHS = (
					"~/Documents/ThirdSDK",
					"$(PROJECT_DIR)",
				);
				INFOPLIST_FILE = GameTimer/Info.plist;
				LD_RUNPATH_SEARCH_PATHS = "$(inherited) @executable_path/Frameworks";
				OTHER_LDFLAGS = (
					"-lz",
					"-ObjC",
				);
				PRODUCT_BUNDLE_IDENTIFIER = sctek.cn.MGameTimer;
				PRODUCT_NAME = "$(TARGET_NAME)";
				SKIP_INSTALL = NO;
				SWIFT_OBJC_BRIDGING_HEADER = "GameTimer-Bridging-Header.h";
				SWIFT_OPTIMIZATION_LEVEL = "-Onone";
				SWIFT_VERSION = 3.0;
			};
			name = Debug;
		};
		C6D49EDE1D87E6E900FB5E3A /* Release */ = {
			isa = XCBuildConfiguration;
			buildSettings = {
				ASSETCATALOG_COMPILER_APPICON_NAME = AppIcon;
				CLANG_ENABLE_MODULES = YES;
				CODE_SIGN_ENTITLEMENTS = GameTimer/GameTimer.entitlements;
				CODE_SIGN_IDENTITY = "iPhone Developer";
				"CODE_SIGN_IDENTITY[sdk=iphoneos*]" = "iPhone Developer";
				DEVELOPMENT_TEAM = UXUF8Y5Q66;
				ENABLE_BITCODE = YES;
				FRAMEWORK_SEARCH_PATHS = (
					"~/Documents/ThirdSDK",
					"$(PROJECT_DIR)",
				);
				INFOPLIST_FILE = GameTimer/Info.plist;
				LD_RUNPATH_SEARCH_PATHS = "$(inherited) @executable_path/Frameworks";
				OTHER_LDFLAGS = (
					"-lz",
					"-ObjC",
				);
				PRODUCT_BUNDLE_IDENTIFIER = sctek.cn.MGameTimer;
				PRODUCT_NAME = "$(TARGET_NAME)";
				SKIP_INSTALL = NO;
				SWIFT_OBJC_BRIDGING_HEADER = "GameTimer-Bridging-Header.h";
				SWIFT_VERSION = 3.0;
			};
			name = Release;
		};
		C6D49EE01D87E6E900FB5E3A /* Debug */ = {
			isa = XCBuildConfiguration;
			buildSettings = {
				ALWAYS_EMBED_SWIFT_STANDARD_LIBRARIES = YES;
				BUNDLE_LOADER = "$(TEST_HOST)";
				INFOPLIST_FILE = GameTimerTests/Info.plist;
				LD_RUNPATH_SEARCH_PATHS = "$(inherited) @executable_path/Frameworks @loader_path/Frameworks";
				PRODUCT_BUNDLE_IDENTIFIER = sctek.cn.GameTimerTests;
				PRODUCT_NAME = "$(TARGET_NAME)";
				SWIFT_VERSION = 3.0;
				TEST_HOST = "$(BUILT_PRODUCTS_DIR)/GameTimer.app/GameTimer";
			};
			name = Debug;
		};
		C6D49EE11D87E6E900FB5E3A /* Release */ = {
			isa = XCBuildConfiguration;
			buildSettings = {
				ALWAYS_EMBED_SWIFT_STANDARD_LIBRARIES = YES;
				BUNDLE_LOADER = "$(TEST_HOST)";
				INFOPLIST_FILE = GameTimerTests/Info.plist;
				LD_RUNPATH_SEARCH_PATHS = "$(inherited) @executable_path/Frameworks @loader_path/Frameworks";
				PRODUCT_BUNDLE_IDENTIFIER = sctek.cn.GameTimerTests;
				PRODUCT_NAME = "$(TARGET_NAME)";
				SWIFT_VERSION = 3.0;
				TEST_HOST = "$(BUILT_PRODUCTS_DIR)/GameTimer.app/GameTimer";
			};
			name = Release;
		};
/* End XCBuildConfiguration section */

/* Begin XCConfigurationList section */
		C6D49EB81D87E6E900FB5E3A /* Build configuration list for PBXProject "GameTimer" */ = {
			isa = XCConfigurationList;
			buildConfigurations = (
				C6D49EDA1D87E6E900FB5E3A /* Debug */,
				C6D49EDB1D87E6E900FB5E3A /* Release */,
			);
			defaultConfigurationIsVisible = 0;
			defaultConfigurationName = Release;
		};
		C6D49EDC1D87E6E900FB5E3A /* Build configuration list for PBXNativeTarget "GameTimer" */ = {
			isa = XCConfigurationList;
			buildConfigurations = (
				C6D49EDD1D87E6E900FB5E3A /* Debug */,
				C6D49EDE1D87E6E900FB5E3A /* Release */,
			);
			defaultConfigurationIsVisible = 0;
			defaultConfigurationName = Release;
		};
		C6D49EDF1D87E6E900FB5E3A /* Build configuration list for PBXNativeTarget "GameTimerTests" */ = {
			isa = XCConfigurationList;
			buildConfigurations = (
				C6D49EE01D87E6E900FB5E3A /* Debug */,
				C6D49EE11D87E6E900FB5E3A /* Release */,
			);
			defaultConfigurationIsVisible = 0;
			defaultConfigurationName = Release;
		};
/* End XCConfigurationList section */
	};
	rootObject = C6D49EB51D87E6E900FB5E3A /* Project object */;
}
